
Microsoft Visual Studio Solution File, Format Version 12.00
# Visual Studio 15
VisualStudioVersion = 15.0.26730.15
MinimumVisualStudioVersion = 10.0.40219.1
Project("{FAE04EC0-301F-11D3-BF4B-00C04F79EFBC}") = "LuhnChecker", "LuhnChecker\LuhnChecker.csproj", "{A9E754B6-6114-421E-BB80-8AF80BEFA97D}"
EndProject
Global
	GlobalSection(SolutionConfigurationPlatforms) = preSolution
		Debug|Any CPU = Debug|Any CPU
		Release|Any CPU = Release|Any CPU
	EndGlobalSection
	GlobalSection(ProjectConfigurationPlatforms) = postSolution
		{A9E754B6-6114-421E-BB80-8AF80BEFA97D}.Debug|Any CPU.ActiveCfg = Debug|Any CPU
		{A9E754B6-6114-421E-BB80-8AF80BEFA97D}.Debug|Any CPU.Build.0 = Debug|Any CPU
		{A9E754B6-6114-421E-BB80-8AF80BEFA97D}.Release|Any CPU.ActiveCfg = Release|Any CPU
		{A9E754B6-6114-421E-BB80-8AF80BEFA97D}.Release|Any CPU.Build.0 = Release|Any CPU
	EndGlobalSection
	GlobalSection(SolutionProperties) = preSolution
		HideSolutionNode = FALSE
	EndGlobalSection
	GlobalSection(ExtensibilityGlobals) = postSolution
		SolutionGuid = {A8C6CF23-9638-4047-9544-64692D59EA44}
	EndGlobalSection
EndGlobal
